
Microsoft Visual Studio Solution File, Format Version 12.00
# Visual Studio 15
VisualStudioVersion = 15.0.26730.12
MinimumVisualStudioVersion = 10.0.40219.1
Project("{FAE04EC0-301F-11D3-BF4B-00C04F79EFBC}") = "MathServiceLibrary", "MathServiceLibrary\MathServiceLibrary.csproj", "{2FB651FB-22AB-4AC1-BD6E-26AD8CA52AAB}"
EndProject
Project("{FAE04EC0-301F-11D3-BF4B-00C04F79EFBC}") = "MathWindowsServiceHost", "MathWindowsServiceHost\MathWindowsServiceHost.csproj", "{083E908E-53F9-40B4-A16D-0BF63C1B0E21}"
EndProject
Project("{FAE04EC0-301F-11D3-BF4B-00C04F79EFBC}") = "MathClient", "MathClient\MathClient.csproj", "{E5020B2A-FEE1-48FB-917C-A645E17C9860}"
EndProject
Global
	GlobalSection(SolutionConfigurationPlatforms) = preSolution
		Debug|Any CPU = Debug|Any CPU
		Release|Any CPU = Release|Any CPU
	EndGlobalSection
	GlobalSection(ProjectConfigurationPlatforms) = postSolution
		{2FB651FB-22AB-4AC1-BD6E-26AD8CA52AAB}.Debug|Any CPU.ActiveCfg = Debug|Any CPU
		{2FB651FB-22AB-4AC1-BD6E-26AD8CA52AAB}.Debug|Any CPU.Build.0 = Debug|Any CPU
		{2FB651FB-22AB-4AC1-BD6E-26AD8CA52AAB}.Release|Any CPU.ActiveCfg = Release|Any CPU
		{2FB651FB-22AB-4AC1-BD6E-26AD8CA52AAB}.Release|Any CPU.Build.0 = Release|Any CPU
		{083E908E-53F9-40B4-A16D-0BF63C1B0E21}.Debug|Any CPU.ActiveCfg = Debug|Any CPU
		{083E908E-53F9-40B4-A16D-0BF63C1B0E21}.Debug|Any CPU.Build.0 = Debug|Any CPU
		{083E908E-53F9-40B4-A16D-0BF63C1B0E21}.Release|Any CPU.ActiveCfg = Release|Any CPU
		{083E908E-53F9-40B4-A16D-0BF63C1B0E21}.Release|Any CPU.Build.0 = Release|Any CPU
		{E5020B2A-FEE1-48FB-917C-A645E17C9860}.Debug|Any CPU.ActiveCfg = Debug|Any CPU
		{E5020B2A-FEE1-48FB-917C-A645E17C9860}.Debug|Any CPU.Build.0 = Debug|Any CPU
		{E5020B2A-FEE1-48FB-917C-A645E17C9860}.Release|Any CPU.ActiveCfg = Release|Any CPU
		{E5020B2A-FEE1-48FB-917C-A645E17C9860}.Release|Any CPU.Build.0 = Release|Any CPU
	EndGlobalSection
	GlobalSection(SolutionProperties) = preSolution
		HideSolutionNode = FALSE
	EndGlobalSection
	GlobalSection(ExtensibilityGlobals) = postSolution
		SolutionGuid = {92CF03E3-4C62-4C0E-8482-CE15DB325185}
	EndGlobalSection
EndGlobal
